
Microsoft Visual Studio Solution File, Format Version 12.00
# Visual Studio 14
VisualStudioVersion = 14.0.25420.1
MinimumVisualStudioVersion = 10.0.40219.1
Project("{D954291E-2A0B-460D-934E-DC6B0785DB48}") = "EuroForce", "EuroForce.shproj", "{A7D2F595-B709-4043-8CE2-C9532B8514EF}"
EndProject
Global
	GlobalSection(SharedMSBuildProjectFiles) = preSolution
		EuroForce.projitems*{a7d2f595-b709-4043-8ce2-c9532b8514ef}*SharedItemsImports = 13
	EndGlobalSection
	GlobalSection(SolutionProperties) = preSolution
		HideSolutionNode = FALSE
	EndGlobalSection
EndGlobal
